
Microsoft Visual Studio Solution File, Format Version 12.00
# Visual Studio Version 17
VisualStudioVersion = 17.7.34221.43
MinimumVisualStudioVersion = 10.0.40219.1
Project("{FAE04EC0-301F-11D3-BF4B-00C04F79EFBC}") = "SortingAlgorythmTest", "SortingAlgorythmTest\SortingAlgorythmTest.csproj", "{D446D811-CED9-47BD-A9EF-C358E533D6A8}"
EndProject
Global
	GlobalSection(SolutionConfigurationPlatforms) = preSolution
		Debug|Any CPU = Debug|Any CPU
		Release|Any CPU = Release|Any CPU
	EndGlobalSection
	GlobalSection(ProjectConfigurationPlatforms) = postSolution
		{D446D811-CED9-47BD-A9EF-C358E533D6A8}.Debug|Any CPU.ActiveCfg = Debug|Any CPU
		{D446D811-CED9-47BD-A9EF-C358E533D6A8}.Debug|Any CPU.Build.0 = Debug|Any CPU
		{D446D811-CED9-47BD-A9EF-C358E533D6A8}.Release|Any CPU.ActiveCfg = Release|Any CPU
		{D446D811-CED9-47BD-A9EF-C358E533D6A8}.Release|Any CPU.Build.0 = Release|Any CPU
	EndGlobalSection
	GlobalSection(SolutionProperties) = preSolution
		HideSolutionNode = FALSE
	EndGlobalSection
	GlobalSection(ExtensibilityGlobals) = postSolution
		SolutionGuid = {2895E62A-7088-4ED5-A984-D09C3844390A}
	EndGlobalSection
EndGlobal
